
Microsoft Visual Studio Solution File, Format Version 12.00
# Visual Studio Version 17
VisualStudioVersion = 17.0.32112.339
MinimumVisualStudioVersion = 10.0.40219.1
Project("{FAE04EC0-301F-11D3-BF4B-00C04F79EFBC}") = "Kanban board", "Kanban board\Kanban board.csproj", "{2728D0CF-3EB3-4439-9C59-CD4A862ED31B}"
EndProject
Global
	GlobalSection(SolutionConfigurationPlatforms) = preSolution
		Debug|Any CPU = Debug|Any CPU
		Release|Any CPU = Release|Any CPU
	EndGlobalSection
	GlobalSection(ProjectConfigurationPlatforms) = postSolution
		{2728D0CF-3EB3-4439-9C59-CD4A862ED31B}.Debug|Any CPU.ActiveCfg = Debug|Any CPU
		{2728D0CF-3EB3-4439-9C59-CD4A862ED31B}.Debug|Any CPU.Build.0 = Debug|Any CPU
		{2728D0CF-3EB3-4439-9C59-CD4A862ED31B}.Release|Any CPU.ActiveCfg = Release|Any CPU
		{2728D0CF-3EB3-4439-9C59-CD4A862ED31B}.Release|Any CPU.Build.0 = Release|Any CPU
	EndGlobalSection
	GlobalSection(SolutionProperties) = preSolution
		HideSolutionNode = FALSE
	EndGlobalSection
	GlobalSection(ExtensibilityGlobals) = postSolution
		SolutionGuid = {7310B7E3-8BDD-44E3-9687-6004E9444569}
	EndGlobalSection
EndGlobal
